
Microsoft Visual Studio Solution File, Format Version 12.00
# Visual Studio Version 16
VisualStudioVersion = 16.0.30309.148
MinimumVisualStudioVersion = 10.0.40219.1
Project("{FAE04EC0-301F-11D3-BF4B-00C04F79EFBC}") = "KasaYazılım", "KasaYazılım.csproj", "{D5F2B3B5-6FC6-41DE-A113-517B636E34BB}"
EndProject
Global
	GlobalSection(SolutionConfigurationPlatforms) = preSolution
		Debug|Any CPU = Debug|Any CPU
		Release|Any CPU = Release|Any CPU
	EndGlobalSection
	GlobalSection(ProjectConfigurationPlatforms) = postSolution
		{D5F2B3B5-6FC6-41DE-A113-517B636E34BB}.Debug|Any CPU.ActiveCfg = Debug|Any CPU
		{D5F2B3B5-6FC6-41DE-A113-517B636E34BB}.Debug|Any CPU.Build.0 = Debug|Any CPU
		{D5F2B3B5-6FC6-41DE-A113-517B636E34BB}.Release|Any CPU.ActiveCfg = Release|Any CPU
		{D5F2B3B5-6FC6-41DE-A113-517B636E34BB}.Release|Any CPU.Build.0 = Release|Any CPU
	EndGlobalSection
	GlobalSection(SolutionProperties) = preSolution
		HideSolutionNode = FALSE
	EndGlobalSection
	GlobalSection(ExtensibilityGlobals) = postSolution
		SolutionGuid = {53E7F7EC-BC40-446C-9B81-2FDBD287C366}
	EndGlobalSection
EndGlobal
